
Microsoft Visual Studio Solution File, Format Version 12.00
# Visual Studio Version 17
VisualStudioVersion = 17.10.35027.167
MinimumVisualStudioVersion = 10.0.40219.1
Project("{FAE04EC0-301F-11D3-BF4B-00C04F79EFBC}") = "EventManager", "EventManager\EventManager.csproj", "{DFFC0D3C-BA2A-4A2C-A9DB-4B87CD253BD4}"
EndProject
Global
	GlobalSection(SolutionConfigurationPlatforms) = preSolution
		Debug|Any CPU = Debug|Any CPU
		Release|Any CPU = Release|Any CPU
	EndGlobalSection
	GlobalSection(ProjectConfigurationPlatforms) = postSolution
		{DFFC0D3C-BA2A-4A2C-A9DB-4B87CD253BD4}.Debug|Any CPU.ActiveCfg = Debug|Any CPU
		{DFFC0D3C-BA2A-4A2C-A9DB-4B87CD253BD4}.Debug|Any CPU.Build.0 = Debug|Any CPU
		{DFFC0D3C-BA2A-4A2C-A9DB-4B87CD253BD4}.Release|Any CPU.ActiveCfg = Release|Any CPU
		{DFFC0D3C-BA2A-4A2C-A9DB-4B87CD253BD4}.Release|Any CPU.Build.0 = Release|Any CPU
	EndGlobalSection
	GlobalSection(SolutionProperties) = preSolution
		HideSolutionNode = FALSE
	EndGlobalSection
	GlobalSection(ExtensibilityGlobals) = postSolution
		SolutionGuid = {7368B20C-1929-468A-A9DD-3C2634FF7EE1}
	EndGlobalSection
EndGlobal
